
Microsoft Visual Studio Solution File, Format Version 12.00
# Visual Studio Version 17
VisualStudioVersion = 17.1.32319.34
MinimumVisualStudioVersion = 10.0.40219.1
Project("{9A19103F-16F7-4668-BE54-9A1E7A4F7556}") = "TryPiranha", "TryPiranha.csproj", "{36865566-311C-4F63-A958-8DBDD0AAD77D}"
EndProject
Global
	GlobalSection(SolutionConfigurationPlatforms) = preSolution
		Debug|Any CPU = Debug|Any CPU
		Release|Any CPU = Release|Any CPU
	EndGlobalSection
	GlobalSection(ProjectConfigurationPlatforms) = postSolution
		{36865566-311C-4F63-A958-8DBDD0AAD77D}.Debug|Any CPU.ActiveCfg = Debug|Any CPU
		{36865566-311C-4F63-A958-8DBDD0AAD77D}.Debug|Any CPU.Build.0 = Debug|Any CPU
		{36865566-311C-4F63-A958-8DBDD0AAD77D}.Release|Any CPU.ActiveCfg = Release|Any CPU
		{36865566-311C-4F63-A958-8DBDD0AAD77D}.Release|Any CPU.Build.0 = Release|Any CPU
	EndGlobalSection
	GlobalSection(SolutionProperties) = preSolution
		HideSolutionNode = FALSE
	EndGlobalSection
	GlobalSection(ExtensibilityGlobals) = postSolution
		SolutionGuid = {5891D95C-40E7-4675-B7A0-A85DAE90ACD6}
	EndGlobalSection
EndGlobal
